
Microsoft Visual Studio Solution File, Format Version 12.00
# Visual Studio Version 17
VisualStudioVersion = 17.5.002.0
MinimumVisualStudioVersion = 10.0.40219.1
Project("{9A19103F-16F7-4668-BE54-9A1E7A4F7556}") = "learn_asp.net", "learn_asp.net.csproj", "{8F2588C0-EC04-4418-A50E-FF7E43E4AFA7}"
EndProject
Global
	GlobalSection(SolutionConfigurationPlatforms) = preSolution
		Debug|Any CPU = Debug|Any CPU
		Release|Any CPU = Release|Any CPU
	EndGlobalSection
	GlobalSection(ProjectConfigurationPlatforms) = postSolution
		{8F2588C0-EC04-4418-A50E-FF7E43E4AFA7}.Debug|Any CPU.ActiveCfg = Debug|Any CPU
		{8F2588C0-EC04-4418-A50E-FF7E43E4AFA7}.Debug|Any CPU.Build.0 = Debug|Any CPU
		{8F2588C0-EC04-4418-A50E-FF7E43E4AFA7}.Release|Any CPU.ActiveCfg = Release|Any CPU
		{8F2588C0-EC04-4418-A50E-FF7E43E4AFA7}.Release|Any CPU.Build.0 = Release|Any CPU
	EndGlobalSection
	GlobalSection(SolutionProperties) = preSolution
		HideSolutionNode = FALSE
	EndGlobalSection
	GlobalSection(ExtensibilityGlobals) = postSolution
		SolutionGuid = {7ADEFA38-1A14-42D8-A3B8-CACD259C8D18}
	EndGlobalSection
EndGlobal
